
Microsoft Visual Studio Solution File, Format Version 12.00
# Visual Studio 14
VisualStudioVersion = 14.0.25420.1
MinimumVisualStudioVersion = 10.0.40219.1
Project("{FAE04EC0-301F-11D3-BF4B-00C04F79EFBC}") = "01. Поправка на плочки", "01. Поправка на плочки\01. Поправка на плочки.csproj", "{47299A54-C367-4CE6-9E27-1E02B99E730E}"
EndProject
Project("{FAE04EC0-301F-11D3-BF4B-00C04F79EFBC}") = "02. Поспаливата котка Том", "02. Поспаливата котка Том\02. Поспаливата котка Том.csproj", "{E9766925-C644-4286-8988-7673A84513A9}"
EndProject
Project("{FAE04EC0-301F-11D3-BF4B-00C04F79EFBC}") = "03. Операции между числа", "03. Операции между числа\03. Операции между числа.csproj", "{2B91B42A-4855-43BF-84A9-F2ECAA8AFD7A}"
EndProject
Project("{FAE04EC0-301F-11D3-BF4B-00C04F79EFBC}") = "04. Умната Лили", "04. Умната Лили\04. Умната Лили.csproj", "{C56F63EB-1D85-4013-B2D9-08458D2C2F85}"
EndProject
Project("{FAE04EC0-301F-11D3-BF4B-00C04F79EFBC}") = "05. Стоп", "05. Стоп\05. Стоп.csproj", "{2FFF90A4-D608-4B1D-886F-EA519173311C}"
EndProject
Project("{FAE04EC0-301F-11D3-BF4B-00C04F79EFBC}") = "06. Специални числа", "06. Специални числа\06. Специални числа.csproj", "{19194013-1A9B-4522-B957-18A714E93F33}"
EndProject
Global
	GlobalSection(SolutionConfigurationPlatforms) = preSolution
		Debug|Any CPU = Debug|Any CPU
		Release|Any CPU = Release|Any CPU
	EndGlobalSection
	GlobalSection(ProjectConfigurationPlatforms) = postSolution
		{47299A54-C367-4CE6-9E27-1E02B99E730E}.Debug|Any CPU.ActiveCfg = Debug|Any CPU
		{47299A54-C367-4CE6-9E27-1E02B99E730E}.Debug|Any CPU.Build.0 = Debug|Any CPU
		{47299A54-C367-4CE6-9E27-1E02B99E730E}.Release|Any CPU.ActiveCfg = Release|Any CPU
		{47299A54-C367-4CE6-9E27-1E02B99E730E}.Release|Any CPU.Build.0 = Release|Any CPU
		{E9766925-C644-4286-8988-7673A84513A9}.Debug|Any CPU.ActiveCfg = Debug|Any CPU
		{E9766925-C644-4286-8988-7673A84513A9}.Debug|Any CPU.Build.0 = Debug|Any CPU
		{E9766925-C644-4286-8988-7673A84513A9}.Release|Any CPU.ActiveCfg = Release|Any CPU
		{E9766925-C644-4286-8988-7673A84513A9}.Release|Any CPU.Build.0 = Release|Any CPU
		{2B91B42A-4855-43BF-84A9-F2ECAA8AFD7A}.Debug|Any CPU.ActiveCfg = Debug|Any CPU
		{2B91B42A-4855-43BF-84A9-F2ECAA8AFD7A}.Debug|Any CPU.Build.0 = Debug|Any CPU
		{2B91B42A-4855-43BF-84A9-F2ECAA8AFD7A}.Release|Any CPU.ActiveCfg = Release|Any CPU
		{2B91B42A-4855-43BF-84A9-F2ECAA8AFD7A}.Release|Any CPU.Build.0 = Release|Any CPU
		{C56F63EB-1D85-4013-B2D9-08458D2C2F85}.Debug|Any CPU.ActiveCfg = Debug|Any CPU
		{C56F63EB-1D85-4013-B2D9-08458D2C2F85}.Debug|Any CPU.Build.0 = Debug|Any CPU
		{C56F63EB-1D85-4013-B2D9-08458D2C2F85}.Release|Any CPU.ActiveCfg = Release|Any CPU
		{C56F63EB-1D85-4013-B2D9-08458D2C2F85}.Release|Any CPU.Build.0 = Release|Any CPU
		{2FFF90A4-D608-4B1D-886F-EA519173311C}.Debug|Any CPU.ActiveCfg = Debug|Any CPU
		{2FFF90A4-D608-4B1D-886F-EA519173311C}.Debug|Any CPU.Build.0 = Debug|Any CPU
		{2FFF90A4-D608-4B1D-886F-EA519173311C}.Release|Any CPU.ActiveCfg = Release|Any CPU
		{2FFF90A4-D608-4B1D-886F-EA519173311C}.Release|Any CPU.Build.0 = Release|Any CPU
		{19194013-1A9B-4522-B957-18A714E93F33}.Debug|Any CPU.ActiveCfg = Debug|Any CPU
		{19194013-1A9B-4522-B957-18A714E93F33}.Debug|Any CPU.Build.0 = Debug|Any CPU
		{19194013-1A9B-4522-B957-18A714E93F33}.Release|Any CPU.ActiveCfg = Release|Any CPU
		{19194013-1A9B-4522-B957-18A714E93F33}.Release|Any CPU.Build.0 = Release|Any CPU
	EndGlobalSection
	GlobalSection(SolutionProperties) = preSolution
		HideSolutionNode = FALSE
	EndGlobalSection
EndGlobal
